// !$*UTF8*$!
{
	archiveVersion = 1;
	classes = {
	};
	objectVersion = 51;
	objects = {

/* Begin PBXBuildFile section */
		1C7D3BE0C74F76AD588F5FE8 /* Pods_CaptaaMasterTests.framework in Frameworks */ = {isa = PBXBuildFile; fileRef = 26CF9B119DCB3D8BD5D0903C /* Pods_CaptaaMasterTests.framework */; };
		36018E24245D5AA300529D92 /* BaseViewController.swift in Sources */ = {isa = PBXBuildFile; fileRef = 36018E23245D5AA300529D92 /* BaseViewController.swift */; };
		36018E26245D62E000529D92 /* CaptionTextView.swift in Sources */ = {isa = PBXBuildFile; fileRef = 36018E25245D62E000529D92 /* CaptionTextView.swift */; };
		36018E28245D701D00529D92 /* CaptionService.swift in Sources */ = {isa = PBXBuildFile; fileRef = 36018E27245D701D00529D92 /* CaptionService.swift */; };
		36018E2A245D7F1900529D92 /* Caption.swift in Sources */ = {isa = PBXBuildFile; fileRef = 36018E29245D7F1900529D92 /* Caption.swift */; };
		36018E2E245DED7400529D92 /* SaveCaptionCell.swift in Sources */ = {isa = PBXBuildFile; fileRef = 36018E2D245DED7400529D92 /* SaveCaptionCell.swift */; };
		3624D3BD245AC32900977C22 /* ProfilePictureController.swift in Sources */ = {isa = PBXBuildFile; fileRef = 3624D3BC245AC32900977C22 /* ProfilePictureController.swift */; };
		3624D3BF245B40F600977C22 /* SuggestionsController.swift in Sources */ = {isa = PBXBuildFile; fileRef = 3624D3BE245B40F600977C22 /* SuggestionsController.swift */; };
		362DB90F245DFDD70000F8CA /* CaptionCell.swift in Sources */ = {isa = PBXBuildFile; fileRef = 362DB90E245DFDD70000F8CA /* CaptionCell.swift */; };
		362DB918245E29380000F8CA /* AmaticSC-Bold.ttf in Resources */ = {isa = PBXBuildFile; fileRef = 362DB917245E29380000F8CA /* AmaticSC-Bold.ttf */; };
		362DB91A245E29430000F8CA /* AmaticSC-Regular.ttf in Resources */ = {isa = PBXBuildFile; fileRef = 362DB919245E29430000F8CA /* AmaticSC-Regular.ttf */; };
		362DB91C245F53B20000F8CA /* CaptionViewModel.swift in Sources */ = {isa = PBXBuildFile; fileRef = 362DB91B245F53B20000F8CA /* CaptionViewModel.swift */; };
		362DB91E245FE61F0000F8CA /* ProfileHeader.swift in Sources */ = {isa = PBXBuildFile; fileRef = 362DB91D245FE61F0000F8CA /* ProfileHeader.swift */; };
		362DB9202460C36A0000F8CA /* UserStoryFavoriteCell.swift in Sources */ = {isa = PBXBuildFile; fileRef = 362DB91F2460C36A0000F8CA /* UserStoryFavoriteCell.swift */; };
		362DB92224610A150000F8CA /* CategoryCell.swift in Sources */ = {isa = PBXBuildFile; fileRef = 362DB92124610A150000F8CA /* CategoryCell.swift */; };
		365CD79E2458BBE600C2B627 /* Extensions.swift in Sources */ = {isa = PBXBuildFile; fileRef = 365CD79D2458BBE600C2B627 /* Extensions.swift */; };
		365CD7A02458BDF100C2B627 /* GoogleService-Info.plist in Resources */ = {isa = PBXBuildFile; fileRef = 365CD79F2458BDF100C2B627 /* GoogleService-Info.plist */; };
		365CD7A32458C37B00C2B627 /* LoginController.swift in Sources */ = {isa = PBXBuildFile; fileRef = 365CD7A22458C37B00C2B627 /* LoginController.swift */; };
		365CD7A52458C3A700C2B627 /* RegistrationController.swift in Sources */ = {isa = PBXBuildFile; fileRef = 365CD7A42458C3A700C2B627 /* RegistrationController.swift */; };
		365CD7A72458CE3600C2B627 /* CustomTextField.swift in Sources */ = {isa = PBXBuildFile; fileRef = 365CD7A62458CE3600C2B627 /* CustomTextField.swift */; };
		365CD7A92458CEAD00C2B627 /* AuthButton.swift in Sources */ = {isa = PBXBuildFile; fileRef = 365CD7A82458CEAD00C2B627 /* AuthButton.swift */; };
		365CD7AB2458CEE300C2B627 /* DividerView.swift in Sources */ = {isa = PBXBuildFile; fileRef = 365CD7AA2458CEE300C2B627 /* DividerView.swift */; };
		365CD7AD2458CF1400C2B627 /* Utilities.swift in Sources */ = {isa = PBXBuildFile; fileRef = 365CD7AC2458CF1400C2B627 /* Utilities.swift */; };
		365CD7AF2459250200C2B627 /* SeperatorView.swift in Sources */ = {isa = PBXBuildFile; fileRef = 365CD7AE2459250200C2B627 /* SeperatorView.swift */; };
		365CD7B32459EF5F00C2B627 /* AuthentificationViewModel.swift in Sources */ = {isa = PBXBuildFile; fileRef = 365CD7B22459EF5F00C2B627 /* AuthentificationViewModel.swift */; };
		365CD7B5245A1CD100C2B627 /* PasswordController.swift in Sources */ = {isa = PBXBuildFile; fileRef = 365CD7B4245A1CD100C2B627 /* PasswordController.swift */; };
		36624B372458B25C00BF877A /* AppDelegate.swift in Sources */ = {isa = PBXBuildFile; fileRef = 36624B362458B25C00BF877A /* AppDelegate.swift */; };
		36624B392458B25C00BF877A /* SceneDelegate.swift in Sources */ = {isa = PBXBuildFile; fileRef = 36624B382458B25C00BF877A /* SceneDelegate.swift */; };
		36624B3B2458B25C00BF877A /* ViewController.swift in Sources */ = {isa = PBXBuildFile; fileRef = 36624B3A2458B25C00BF877A /* ViewController.swift */; };
		36624B3E2458B25C00BF877A /* Main.storyboard in Resources */ = {isa = PBXBuildFile; fileRef = 36624B3C2458B25C00BF877A /* Main.storyboard */; };
		36624B412458B25C00BF877A /* CaptaaMaster.xcdatamodeld in Sources */ = {isa = PBXBuildFile; fileRef = 36624B3F2458B25C00BF877A /* CaptaaMaster.xcdatamodeld */; };
		36624B432458B26400BF877A /* Assets.xcassets in Resources */ = {isa = PBXBuildFile; fileRef = 36624B422458B26400BF877A /* Assets.xcassets */; };
		36624B462458B26400BF877A /* LaunchScreen.storyboard in Resources */ = {isa = PBXBuildFile; fileRef = 36624B442458B26400BF877A /* LaunchScreen.storyboard */; };
		36624B512458B26400BF877A /* CaptaaMasterTests.swift in Sources */ = {isa = PBXBuildFile; fileRef = 36624B502458B26400BF877A /* CaptaaMasterTests.swift */; };
		36624B5C2458B26400BF877A /* CaptaaMasterUITests.swift in Sources */ = {isa = PBXBuildFile; fileRef = 36624B5B2458B26400BF877A /* CaptaaMasterUITests.swift */; };
		36B9BE2A245A35670037C10E /* MainTabController.swift in Sources */ = {isa = PBXBuildFile; fileRef = 36B9BE29245A35670037C10E /* MainTabController.swift */; };
		36B9BE2C245A39E30037C10E /* FeedController.swift in Sources */ = {isa = PBXBuildFile; fileRef = 36B9BE2B245A39E30037C10E /* FeedController.swift */; };
		36B9BE2E245A3A010037C10E /* ExploreController.swift in Sources */ = {isa = PBXBuildFile; fileRef = 36B9BE2D245A3A010037C10E /* ExploreController.swift */; };
		36B9BE30245A3A190037C10E /* ProfileController.swift in Sources */ = {isa = PBXBuildFile; fileRef = 36B9BE2F245A3A190037C10E /* ProfileController.swift */; };
		36B9BE32245A3A410037C10E /* CaptionGeneratorController.swift in Sources */ = {isa = PBXBuildFile; fileRef = 36B9BE31245A3A410037C10E /* CaptionGeneratorController.swift */; };
		36B9BE34245A3AE80037C10E /* ScheduleController.swift in Sources */ = {isa = PBXBuildFile; fileRef = 36B9BE33245A3AE80037C10E /* ScheduleController.swift */; };
		36B9BE36245A599C0037C10E /* AuthService.swift in Sources */ = {isa = PBXBuildFile; fileRef = 36B9BE35245A599C0037C10E /* AuthService.swift */; };
		36B9BE38245A59FD0037C10E /* Constants.swift in Sources */ = {isa = PBXBuildFile; fileRef = 36B9BE37245A59FD0037C10E /* Constants.swift */; };
		36B9BE3A245A5BD60037C10E /* User.swift in Sources */ = {isa = PBXBuildFile; fileRef = 36B9BE39245A5BD60037C10E /* User.swift */; };
		36B9BE3C245A60DD0037C10E /* Service.swift in Sources */ = {isa = PBXBuildFile; fileRef = 36B9BE3B245A60DD0037C10E /* Service.swift */; };
		36F57DDA245CDBAD0057F957 /* ResetPasswordController.swift in Sources */ = {isa = PBXBuildFile; fileRef = 36F57DD9245CDBAD0057F957 /* ResetPasswordController.swift */; };
		36F57DDC245CE1B90057F957 /* UserService.swift in Sources */ = {isa = PBXBuildFile; fileRef = 36F57DDB245CE1B90057F957 /* UserService.swift */; };
		36F57DDE245D08550057F957 /* CustomImageView.swift in Sources */ = {isa = PBXBuildFile; fileRef = 36F57DDD245D08550057F957 /* CustomImageView.swift */; };
		36F57DE0245D0F3E0057F957 /* UploadCaptionController.swift in Sources */ = {isa = PBXBuildFile; fileRef = 36F57DDF245D0F3E0057F957 /* UploadCaptionController.swift */; };
		68EB6C0DCD43C61996C1FC7A /* Pods_CaptaaMaster.framework in Frameworks */ = {isa = PBXBuildFile; fileRef = 1B3A7CCE51120A81DAF9813A /* Pods_CaptaaMaster.framework */; };
		6F7803AF645E30A5F24107CA /* Pods_CaptaaMaster_CaptaaMasterUITests.framework in Frameworks */ = {isa = PBXBuildFile; fileRef = 2D79A07A114E10C3BB0C5AAD /* Pods_CaptaaMaster_CaptaaMasterUITests.framework */; };
/* End PBXBuildFile section */

/* Begin PBXContainerItemProxy section */
		36624B4D2458B26400BF877A /* PBXContainerItemProxy */ = {
			isa = PBXContainerItemProxy;
			containerPortal = 36624B2B2458B25C00BF877A /* Project object */;
			proxyType = 1;
			remoteGlobalIDString = 36624B322458B25C00BF877A;
			remoteInfo = CaptaaMaster;
		};
		36624B582458B26400BF877A /* PBXContainerItemProxy */ = {
			isa = PBXContainerItemProxy;
			containerPortal = 36624B2B2458B25C00BF877A /* Project object */;
			proxyType = 1;
			remoteGlobalIDString = 36624B322458B25C00BF877A;
			remoteInfo = CaptaaMaster;
		};
/* End PBXContainerItemProxy section */

/* Begin PBXFileReference section */
		0737B89EF50D1156EE0B5B2B /* Pods-CaptaaMaster-CaptaaMasterUITests.release.xcconfig */ = {isa = PBXFileReference; includeInIndex = 1; lastKnownFileType = text.xcconfig; name = "Pods-CaptaaMaster-CaptaaMasterUITests.release.xcconfig"; path = "Target Support Files/Pods-CaptaaMaster-CaptaaMasterUITests/Pods-CaptaaMaster-CaptaaMasterUITests.release.xcconfig"; sourceTree = "<group>"; };
		1B3A7CCE51120A81DAF9813A /* Pods_CaptaaMaster.framework */ = {isa = PBXFileReference; explicitFileType = wrapper.framework; includeInIndex = 0; path = Pods_CaptaaMaster.framework; sourceTree = BUILT_PRODUCTS_DIR; };
		1D76B240AADB45BC6B053E40 /* Pods-CaptaaMaster.release.xcconfig */ = {isa = PBXFileReference; includeInIndex = 1; lastKnownFileType = text.xcconfig; name = "Pods-CaptaaMaster.release.xcconfig"; path = "Target Support Files/Pods-CaptaaMaster/Pods-CaptaaMaster.release.xcconfig"; sourceTree = "<group>"; };
		26CF9B119DCB3D8BD5D0903C /* Pods_CaptaaMasterTests.framework */ = {isa = PBXFileReference; explicitFileType = wrapper.framework; includeInIndex = 0; path = Pods_CaptaaMasterTests.framework; sourceTree = BUILT_PRODUCTS_DIR; };
		2D79A07A114E10C3BB0C5AAD /* Pods_CaptaaMaster_CaptaaMasterUITests.framework */ = {isa = PBXFileReference; explicitFileType = wrapper.framework; includeInIndex = 0; path = Pods_CaptaaMaster_CaptaaMasterUITests.framework; sourceTree = BUILT_PRODUCTS_DIR; };
		36018E23245D5AA300529D92 /* BaseViewController.swift */ = {isa = PBXFileReference; lastKnownFileType = sourcecode.swift; path = BaseViewController.swift; sourceTree = "<group>"; };
		36018E25245D62E000529D92 /* CaptionTextView.swift */ = {isa = PBXFileReference; lastKnownFileType = sourcecode.swift; path = CaptionTextView.swift; sourceTree = "<group>"; };
		36018E27245D701D00529D92 /* CaptionService.swift */ = {isa = PBXFileReference; lastKnownFileType = sourcecode.swift; path = CaptionService.swift; sourceTree = "<group>"; };
		36018E29245D7F1900529D92 /* Caption.swift */ = {isa = PBXFileReference; lastKnownFileType = sourcecode.swift; path = Caption.swift; sourceTree = "<group>"; };
		36018E2D245DED7400529D92 /* SaveCaptionCell.swift */ = {isa = PBXFileReference; lastKnownFileType = sourcecode.swift; path = SaveCaptionCell.swift; sourceTree = "<group>"; };
		3624D3BC245AC32900977C22 /* ProfilePictureController.swift */ = {isa = PBXFileReference; lastKnownFileType = sourcecode.swift; path = ProfilePictureController.swift; sourceTree = "<group>"; };
		3624D3BE245B40F600977C22 /* SuggestionsController.swift */ = {isa = PBXFileReference; lastKnownFileType = sourcecode.swift; path = SuggestionsController.swift; sourceTree = "<group>"; };
		362DB90E245DFDD70000F8CA /* CaptionCell.swift */ = {isa = PBXFileReference; lastKnownFileType = sourcecode.swift; path = CaptionCell.swift; sourceTree = "<group>"; };
		362DB917245E29380000F8CA /* AmaticSC-Bold.ttf */ = {isa = PBXFileReference; lastKnownFileType = file; path = "AmaticSC-Bold.ttf"; sourceTree = "<group>"; };
		362DB919245E29430000F8CA /* AmaticSC-Regular.ttf */ = {isa = PBXFileReference; lastKnownFileType = file; path = "AmaticSC-Regular.ttf"; sourceTree = "<group>"; };
		362DB91B245F53B20000F8CA /* CaptionViewModel.swift */ = {isa = PBXFileReference; lastKnownFileType = sourcecode.swift; path = CaptionViewModel.swift; sourceTree = "<group>"; };
		362DB91D245FE61F0000F8CA /* ProfileHeader.swift */ = {isa = PBXFileReference; lastKnownFileType = sourcecode.swift; path = ProfileHeader.swift; sourceTree = "<group>"; };
		362DB91F2460C36A0000F8CA /* UserStoryFavoriteCell.swift */ = {isa = PBXFileReference; lastKnownFileType = sourcecode.swift; path = UserStoryFavoriteCell.swift; sourceTree = "<group>"; };
		362DB92124610A150000F8CA /* CategoryCell.swift */ = {isa = PBXFileReference; lastKnownFileType = sourcecode.swift; path = CategoryCell.swift; sourceTree = "<group>"; };
		365CD79D2458BBE600C2B627 /* Extensions.swift */ = {isa = PBXFileReference; lastKnownFileType = sourcecode.swift; path = Extensions.swift; sourceTree = "<group>"; };
		365CD79F2458BDF100C2B627 /* GoogleService-Info.plist */ = {isa = PBXFileReference; lastKnownFileType = text.plist; path = "GoogleService-Info.plist"; sourceTree = SOURCE_ROOT; };
		365CD7A22458C37B00C2B627 /* LoginController.swift */ = {isa = PBXFileReference; lastKnownFileType = sourcecode.swift; path = LoginController.swift; sourceTree = "<group>"; };
		365CD7A42458C3A700C2B627 /* RegistrationController.swift */ = {isa = PBXFileReference; lastKnownFileType = sourcecode.swift; path = RegistrationController.swift; sourceTree = "<group>"; };
		365CD7A62458CE3600C2B627 /* CustomTextField.swift */ = {isa = PBXFileReference; lastKnownFileType = sourcecode.swift; path = CustomTextField.swift; sourceTree = "<group>"; };
		365CD7A82458CEAD00C2B627 /* AuthButton.swift */ = {isa = PBXFileReference; lastKnownFileType = sourcecode.swift; path = AuthButton.swift; sourceTree = "<group>"; };
		365CD7AA2458CEE300C2B627 /* DividerView.swift */ = {isa = PBXFileReference; lastKnownFileType = sourcecode.swift; path = DividerView.swift; sourceTree = "<group>"; };
		365CD7AC2458CF1400C2B627 /* Utilities.swift */ = {isa = PBXFileReference; lastKnownFileType = sourcecode.swift; path = Utilities.swift; sourceTree = "<group>"; };
		365CD7AE2459250200C2B627 /* SeperatorView.swift */ = {isa = PBXFileReference; lastKnownFileType = sourcecode.swift; path = SeperatorView.swift; sourceTree = "<group>"; };
		365CD7B22459EF5F00C2B627 /* AuthentificationViewModel.swift */ = {isa = PBXFileReference; lastKnownFileType = sourcecode.swift; path = AuthentificationViewModel.swift; sourceTree = "<group>"; };
		365CD7B4245A1CD100C2B627 /* PasswordController.swift */ = {isa = PBXFileReference; lastKnownFileType = sourcecode.swift; path = PasswordController.swift; sourceTree = "<group>"; };
		36624B332458B25C00BF877A /* CaptaaMaster.app */ = {isa = PBXFileReference; explicitFileType = wrapper.application; includeInIndex = 0; path = CaptaaMaster.app; sourceTree = BUILT_PRODUCTS_DIR; };
		36624B362458B25C00BF877A /* AppDelegate.swift */ = {isa = PBXFileReference; lastKnownFileType = sourcecode.swift; path = AppDelegate.swift; sourceTree = "<group>"; };
		36624B382458B25C00BF877A /* SceneDelegate.swift */ = {isa = PBXFileReference; lastKnownFileType = sourcecode.swift; path = SceneDelegate.swift; sourceTree = "<group>"; };
		36624B3A2458B25C00BF877A /* ViewController.swift */ = {isa = PBXFileReference; lastKnownFileType = sourcecode.swift; path = ViewController.swift; sourceTree = "<group>"; };
		36624B3D2458B25C00BF877A /* Base */ = {isa = PBXFileReference; lastKnownFileType = file.storyboard; name = Base; path = Base.lproj/Main.storyboard; sourceTree = "<group>"; };
		36624B402458B25C00BF877A /* CaptaaMaster.xcdatamodel */ = {isa = PBXFileReference; lastKnownFileType = wrapper.xcdatamodel; path = CaptaaMaster.xcdatamodel; sourceTree = "<group>"; };
		36624B422458B26400BF877A /* Assets.xcassets */ = {isa = PBXFileReference; lastKnownFileType = folder.assetcatalog; path = Assets.xcassets; sourceTree = "<group>"; };
		36624B452458B26400BF877A /* Base */ = {isa = PBXFileReference; lastKnownFileType = file.storyboard; name = Base; path = Base.lproj/LaunchScreen.storyboard; sourceTree = "<group>"; };
		36624B472458B26400BF877A /* Info.plist */ = {isa = PBXFileReference; lastKnownFileType = text.plist.xml; path = Info.plist; sourceTree = "<group>"; };
		36624B4C2458B26400BF877A /* CaptaaMasterTests.xctest */ = {isa = PBXFileReference; explicitFileType = wrapper.cfbundle; includeInIndex = 0; path = CaptaaMasterTests.xctest; sourceTree = BUILT_PRODUCTS_DIR; };
		36624B502458B26400BF877A /* CaptaaMasterTests.swift */ = {isa = PBXFileReference; lastKnownFileType = sourcecode.swift; path = CaptaaMasterTests.swift; sourceTree = "<group>"; };
		36624B522458B26400BF877A /* Info.plist */ = {isa = PBXFileReference; lastKnownFileType = text.plist.xml; path = Info.plist; sourceTree = "<group>"; };
		36624B572458B26400BF877A /* CaptaaMasterUITests.xctest */ = {isa = PBXFileReference; explicitFileType = wrapper.cfbundle; includeInIndex = 0; path = CaptaaMasterUITests.xctest; sourceTree = BUILT_PRODUCTS_DIR; };
		36624B5B2458B26400BF877A /* CaptaaMasterUITests.swift */ = {isa = PBXFileReference; lastKnownFileType = sourcecode.swift; path = CaptaaMasterUITests.swift; sourceTree = "<group>"; };
		36624B5D2458B26400BF877A /* Info.plist */ = {isa = PBXFileReference; lastKnownFileType = text.plist.xml; path = Info.plist; sourceTree = "<group>"; };
		36B9BE29245A35670037C10E /* MainTabController.swift */ = {isa = PBXFileReference; lastKnownFileType = sourcecode.swift; path = MainTabController.swift; sourceTree = "<group>"; };
		36B9BE2B245A39E30037C10E /* FeedController.swift */ = {isa = PBXFileReference; lastKnownFileType = sourcecode.swift; path = FeedController.swift; sourceTree = "<group>"; };
		36B9BE2D245A3A010037C10E /* ExploreController.swift */ = {isa = PBXFileReference; lastKnownFileType = sourcecode.swift; path = ExploreController.swift; sourceTree = "<group>"; };
		36B9BE2F245A3A190037C10E /* ProfileController.swift */ = {isa = PBXFileReference; lastKnownFileType = sourcecode.swift; path = ProfileController.swift; sourceTree = "<group>"; };
		36B9BE31245A3A410037C10E /* CaptionGeneratorController.swift */ = {isa = PBXFileReference; lastKnownFileType = sourcecode.swift; path = CaptionGeneratorController.swift; sourceTree = "<group>"; };
		36B9BE33245A3AE80037C10E /* ScheduleController.swift */ = {isa = PBXFileReference; lastKnownFileType = sourcecode.swift; path = ScheduleController.swift; sourceTree = "<group>"; };
		36B9BE35245A599C0037C10E /* AuthService.swift */ = {isa = PBXFileReference; lastKnownFileType = sourcecode.swift; path = AuthService.swift; sourceTree = "<group>"; };
		36B9BE37245A59FD0037C10E /* Constants.swift */ = {isa = PBXFileReference; lastKnownFileType = sourcecode.swift; path = Constants.swift; sourceTree = "<group>"; };
		36B9BE39245A5BD60037C10E /* User.swift */ = {isa = PBXFileReference; lastKnownFileType = sourcecode.swift; path = User.swift; sourceTree = "<group>"; };
		36B9BE3B245A60DD0037C10E /* Service.swift */ = {isa = PBXFileReference; lastKnownFileType = sourcecode.swift; path = Service.swift; sourceTree = "<group>"; };
		36F57DD9245CDBAD0057F957 /* ResetPasswordController.swift */ = {isa = PBXFileReference; lastKnownFileType = sourcecode.swift; path = ResetPasswordController.swift; sourceTree = "<group>"; };
		36F57DDB245CE1B90057F957 /* UserService.swift */ = {isa = PBXFileReference; lastKnownFileType = sourcecode.swift; path = UserService.swift; sourceTree = "<group>"; };
		36F57DDD245D08550057F957 /* CustomImageView.swift */ = {isa = PBXFileReference; lastKnownFileType = sourcecode.swift; path = CustomImageView.swift; sourceTree = "<group>"; };
		36F57DDF245D0F3E0057F957 /* UploadCaptionController.swift */ = {isa = PBXFileReference; lastKnownFileType = sourcecode.swift; path = UploadCaptionController.swift; sourceTree = "<group>"; };
		3ABEB0B1ECC2FCBE84C72D98 /* Pods-CaptaaMaster-CaptaaMasterUITests.debug.xcconfig */ = {isa = PBXFileReference; includeInIndex = 1; lastKnownFileType = text.xcconfig; name = "Pods-CaptaaMaster-CaptaaMasterUITests.debug.xcconfig"; path = "Target Support Files/Pods-CaptaaMaster-CaptaaMasterUITests/Pods-CaptaaMaster-CaptaaMasterUITests.debug.xcconfig"; sourceTree = "<group>"; };
		C52054CF53F734FD7F88C95B /* Pods-CaptaaMasterTests.debug.xcconfig */ = {isa = PBXFileReference; includeInIndex = 1; lastKnownFileType = text.xcconfig; name = "Pods-CaptaaMasterTests.debug.xcconfig"; path = "Target Support Files/Pods-CaptaaMasterTests/Pods-CaptaaMasterTests.debug.xcconfig"; sourceTree = "<group>"; };
		EA02A63EEC0DAE104DF45328 /* Pods-CaptaaMasterTests.release.xcconfig */ = {isa = PBXFileReference; includeInIndex = 1; lastKnownFileType = text.xcconfig; name = "Pods-CaptaaMasterTests.release.xcconfig"; path = "Target Support Files/Pods-CaptaaMasterTests/Pods-CaptaaMasterTests.release.xcconfig"; sourceTree = "<group>"; };
		EF8695A2DFA824B456AE9FD6 /* Pods-CaptaaMaster.debug.xcconfig */ = {isa = PBXFileReference; includeInIndex = 1; lastKnownFileType = text.xcconfig; name = "Pods-CaptaaMaster.debug.xcconfig"; path = "Target Support Files/Pods-CaptaaMaster/Pods-CaptaaMaster.debug.xcconfig"; sourceTree = "<group>"; };
/* End PBXFileReference section */

/* Begin PBXFrameworksBuildPhase section */
		36624B302458B25C00BF877A /* Frameworks */ = {
			isa = PBXFrameworksBuildPhase;
			buildActionMask = 2147483647;
			files = (
				68EB6C0DCD43C61996C1FC7A /* Pods_CaptaaMaster.framework in Frameworks */,
			);
			runOnlyForDeploymentPostprocessing = 0;
		};
		36624B492458B26400BF877A /* Frameworks */ = {
			isa = PBXFrameworksBuildPhase;
			buildActionMask = 2147483647;
			files = (
				1C7D3BE0C74F76AD588F5FE8 /* Pods_CaptaaMasterTests.framework in Frameworks */,
			);
			runOnlyForDeploymentPostprocessing = 0;
		};
		36624B542458B26400BF877A /* Frameworks */ = {
			isa = PBXFrameworksBuildPhase;
			buildActionMask = 2147483647;
			files = (
				6F7803AF645E30A5F24107CA /* Pods_CaptaaMaster_CaptaaMasterUITests.framework in Frameworks */,
			);
			runOnlyForDeploymentPostprocessing = 0;
		};
/* End PBXFrameworksBuildPhase section */

/* Begin PBXGroup section */
		19E3860BDEA58F8D20FA50D5 /* Frameworks */ = {
			isa = PBXGroup;
			children = (
				1B3A7CCE51120A81DAF9813A /* Pods_CaptaaMaster.framework */,
				2D79A07A114E10C3BB0C5AAD /* Pods_CaptaaMaster_CaptaaMasterUITests.framework */,
				26CF9B119DCB3D8BD5D0903C /* Pods_CaptaaMasterTests.framework */,
			);
			name = Frameworks;
			sourceTree = "<group>";
		};
		362DB910245E253D0000F8CA /* Fonts */ = {
			isa = PBXGroup;
			children = (
				362DB919245E29430000F8CA /* AmaticSC-Regular.ttf */,
				362DB917245E29380000F8CA /* AmaticSC-Bold.ttf */,
			);
			path = Fonts;
			sourceTree = "<group>";
		};
		365CD7A12458C33D00C2B627 /* Authentication */ = {
			isa = PBXGroup;
			children = (
				365CD7A22458C37B00C2B627 /* LoginController.swift */,
				365CD7A42458C3A700C2B627 /* RegistrationController.swift */,
				365CD7B4245A1CD100C2B627 /* PasswordController.swift */,
				36F57DD9245CDBAD0057F957 /* ResetPasswordController.swift */,
				3624D3BC245AC32900977C22 /* ProfilePictureController.swift */,
				3624D3BE245B40F600977C22 /* SuggestionsController.swift */,
			);
			path = Authentication;
			sourceTree = "<group>";
		};
		36624B2A2458B25C00BF877A = {
			isa = PBXGroup;
			children = (
				36624B352458B25C00BF877A /* CaptaaMaster */,
				36624B4F2458B26400BF877A /* CaptaaMasterTests */,
				36624B5A2458B26400BF877A /* CaptaaMasterUITests */,
				36624B342458B25C00BF877A /* Products */,
				6EC8C011EE93E789C1582E01 /* Pods */,
				19E3860BDEA58F8D20FA50D5 /* Frameworks */,
			);
			sourceTree = "<group>";
		};
		36624B342458B25C00BF877A /* Products */ = {
			isa = PBXGroup;
			children = (
				36624B332458B25C00BF877A /* CaptaaMaster.app */,
				36624B4C2458B26400BF877A /* CaptaaMasterTests.xctest */,
				36624B572458B26400BF877A /* CaptaaMasterUITests.xctest */,
			);
			name = Products;
			sourceTree = "<group>";
		};
		36624B352458B25C00BF877A /* CaptaaMaster */ = {
			isa = PBXGroup;
			children = (
				362DB910245E253D0000F8CA /* Fonts */,
				36624B7C2458B47600BF877A /* Model */,
				36624B7B2458B47000BF877A /* View */,
				36624B7A2458B45200BF877A /* ViewModel */,
				36624B792458B44B00BF877A /* Controller */,
				36624B782458B44100BF877A /* API */,
				36624B772458B43500BF877A /* Utils */,
				36624B362458B25C00BF877A /* AppDelegate.swift */,
				36624B382458B25C00BF877A /* SceneDelegate.swift */,
				36624B3A2458B25C00BF877A /* ViewController.swift */,
				365CD79F2458BDF100C2B627 /* GoogleService-Info.plist */,
				36624B3C2458B25C00BF877A /* Main.storyboard */,
				36624B422458B26400BF877A /* Assets.xcassets */,
				36624B442458B26400BF877A /* LaunchScreen.storyboard */,
				36624B472458B26400BF877A /* Info.plist */,
				36624B3F2458B25C00BF877A /* CaptaaMaster.xcdatamodeld */,
			);
			path = CaptaaMaster;
			sourceTree = "<group>";
		};
		36624B4F2458B26400BF877A /* CaptaaMasterTests */ = {
			isa = PBXGroup;
			children = (
				36624B502458B26400BF877A /* CaptaaMasterTests.swift */,
				36624B522458B26400BF877A /* Info.plist */,
			);
			path = CaptaaMasterTests;
			sourceTree = "<group>";
		};
		36624B5A2458B26400BF877A /* CaptaaMasterUITests */ = {
			isa = PBXGroup;
			children = (
				36624B5B2458B26400BF877A /* CaptaaMasterUITests.swift */,
				36624B5D2458B26400BF877A /* Info.plist */,
			);
			path = CaptaaMasterUITests;
			sourceTree = "<group>";
		};
		36624B772458B43500BF877A /* Utils */ = {
			isa = PBXGroup;
			children = (
				365CD79D2458BBE600C2B627 /* Extensions.swift */,
				365CD7AC2458CF1400C2B627 /* Utilities.swift */,
				36B9BE37245A59FD0037C10E /* Constants.swift */,
				36F57DDD245D08550057F957 /* CustomImageView.swift */,
			);
			path = Utils;
			sourceTree = "<group>";
		};
		36624B782458B44100BF877A /* API */ = {
			isa = PBXGroup;
			children = (
				36B9BE35245A599C0037C10E /* AuthService.swift */,
				36B9BE3B245A60DD0037C10E /* Service.swift */,
				36F57DDB245CE1B90057F957 /* UserService.swift */,
				36018E27245D701D00529D92 /* CaptionService.swift */,
			);
			path = API;
			sourceTree = "<group>";
		};
		36624B792458B44B00BF877A /* Controller */ = {
			isa = PBXGroup;
			children = (
				36018E23245D5AA300529D92 /* BaseViewController.swift */,
				36B9BE2B245A39E30037C10E /* FeedController.swift */,
				36B9BE2D245A3A010037C10E /* ExploreController.swift */,
				36B9BE2F245A3A190037C10E /* ProfileController.swift */,
				36F57DDF245D0F3E0057F957 /* UploadCaptionController.swift */,
				36B9BE33245A3AE80037C10E /* ScheduleController.swift */,
				36B9BE31245A3A410037C10E /* CaptionGeneratorController.swift */,
				365CD7A12458C33D00C2B627 /* Authentication */,
				36B9BE29245A35670037C10E /* MainTabController.swift */,
			);
			path = Controller;
			sourceTree = "<group>";
		};
		36624B7A2458B45200BF877A /* ViewModel */ = {
			isa = PBXGroup;
			children = (
				365CD7B22459EF5F00C2B627 /* AuthentificationViewModel.swift */,
				362DB91B245F53B20000F8CA /* CaptionViewModel.swift */,
			);
			path = ViewModel;
			sourceTree = "<group>";
		};
		36624B7B2458B47000BF877A /* View */ = {
			isa = PBXGroup;
			children = (
				365CD7A62458CE3600C2B627 /* CustomTextField.swift */,
				365CD7A82458CEAD00C2B627 /* AuthButton.swift */,
				365CD7AA2458CEE300C2B627 /* DividerView.swift */,
				365CD7AE2459250200C2B627 /* SeperatorView.swift */,
				36018E25245D62E000529D92 /* CaptionTextView.swift */,
				36018E2D245DED7400529D92 /* SaveCaptionCell.swift */,
				362DB90E245DFDD70000F8CA /* CaptionCell.swift */,
				362DB91D245FE61F0000F8CA /* ProfileHeader.swift */,
				362DB91F2460C36A0000F8CA /* UserStoryFavoriteCell.swift */,
				362DB92124610A150000F8CA /* CategoryCell.swift */,
			);
			path = View;
			sourceTree = "<group>";
		};
		36624B7C2458B47600BF877A /* Model */ = {
			isa = PBXGroup;
			children = (
				36B9BE39245A5BD60037C10E /* User.swift */,
				36018E29245D7F1900529D92 /* Caption.swift */,
			);
			path = Model;
			sourceTree = "<group>";
		};
		6EC8C011EE93E789C1582E01 /* Pods */ = {
			isa = PBXGroup;
			children = (
				EF8695A2DFA824B456AE9FD6 /* Pods-CaptaaMaster.debug.xcconfig */,
				1D76B240AADB45BC6B053E40 /* Pods-CaptaaMaster.release.xcconfig */,
				3ABEB0B1ECC2FCBE84C72D98 /* Pods-CaptaaMaster-CaptaaMasterUITests.debug.xcconfig */,
				0737B89EF50D1156EE0B5B2B /* Pods-CaptaaMaster-CaptaaMasterUITests.release.xcconfig */,
				C52054CF53F734FD7F88C95B /* Pods-CaptaaMasterTests.debug.xcconfig */,
				EA02A63EEC0DAE104DF45328 /* Pods-CaptaaMasterTests.release.xcconfig */,
			);
			path = Pods;
			sourceTree = "<group>";
		};
/* End PBXGroup section */

/* Begin PBXNativeTarget section */
		36624B322458B25C00BF877A /* CaptaaMaster */ = {
			isa = PBXNativeTarget;
			buildConfigurationList = 36624B602458B26400BF877A /* Build configuration list for PBXNativeTarget "CaptaaMaster" */;
			buildPhases = (
				7B18A2F240281F430899C656 /* [CP] Check Pods Manifest.lock */,
				36624B2F2458B25C00BF877A /* Sources */,
				36624B302458B25C00BF877A /* Frameworks */,
				36624B312458B25C00BF877A /* Resources */,
				7B4AD8E83153B10D530B3C06 /* [CP] Embed Pods Frameworks */,
				0661A2EB3F2478C990FDA208 /* [CP] Copy Pods Resources */,
			);
			buildRules = (
			);
			dependencies = (
			);
			name = CaptaaMaster;
			productName = CaptaaMaster;
			productReference = 36624B332458B25C00BF877A /* CaptaaMaster.app */;
			productType = "com.apple.product-type.application";
		};
		36624B4B2458B26400BF877A /* CaptaaMasterTests */ = {
			isa = PBXNativeTarget;
			buildConfigurationList = 36624B632458B26400BF877A /* Build configuration list for PBXNativeTarget "CaptaaMasterTests" */;
			buildPhases = (
				19120CC4B957CBD589607452 /* [CP] Check Pods Manifest.lock */,
				36624B482458B26400BF877A /* Sources */,
				36624B492458B26400BF877A /* Frameworks */,
				36624B4A2458B26400BF877A /* Resources */,
			);
			buildRules = (
			);
			dependencies = (
				36624B4E2458B26400BF877A /* PBXTargetDependency */,
			);
			name = CaptaaMasterTests;
			productName = CaptaaMasterTests;
			productReference = 36624B4C2458B26400BF877A /* CaptaaMasterTests.xctest */;
			productType = "com.apple.product-type.bundle.unit-test";
		};
		36624B562458B26400BF877A /* CaptaaMasterUITests */ = {
			isa = PBXNativeTarget;
			buildConfigurationList = 36624B662458B26400BF877A /* Build configuration list for PBXNativeTarget "CaptaaMasterUITests" */;
			buildPhases = (
				348E27C09C85AB7EE6CB9F70 /* [CP] Check Pods Manifest.lock */,
				36624B532458B26400BF877A /* Sources */,
				36624B542458B26400BF877A /* Frameworks */,
				36624B552458B26400BF877A /* Resources */,
				71810201B0114F388E89DC9B /* [CP] Embed Pods Frameworks */,
				AC6D2493A4AC6A82A13F4B19 /* [CP] Copy Pods Resources */,
			);
			buildRules = (
			);
			dependencies = (
				36624B592458B26400BF877A /* PBXTargetDependency */,
			);
			name = CaptaaMasterUITests;
			productName = CaptaaMasterUITests;
			productReference = 36624B572458B26400BF877A /* CaptaaMasterUITests.xctest */;
			productType = "com.apple.product-type.bundle.ui-testing";
		};
/* End PBXNativeTarget section */

/* Begin PBXProject section */
		36624B2B2458B25C00BF877A /* Project object */ = {
			isa = PBXProject;
			attributes = {
				LastSwiftUpdateCheck = 1140;
				LastUpgradeCheck = 1140;
				ORGANIZATIONNAME = "Lawson Falomo";
				TargetAttributes = {
					36624B322458B25C00BF877A = {
						CreatedOnToolsVersion = 11.4.1;
					};
					36624B4B2458B26400BF877A = {
						CreatedOnToolsVersion = 11.4.1;
						TestTargetID = 36624B322458B25C00BF877A;
					};
					36624B562458B26400BF877A = {
						CreatedOnToolsVersion = 11.4.1;
						TestTargetID = 36624B322458B25C00BF877A;
					};
				};
			};
			buildConfigurationList = 36624B2E2458B25C00BF877A /* Build configuration list for PBXProject "CaptaaMaster" */;
			compatibilityVersion = "Xcode 9.3";
			developmentRegion = en;
			hasScannedForEncodings = 0;
			knownRegions = (
				en,
				Base,
			);
			mainGroup = 36624B2A2458B25C00BF877A;
			productRefGroup = 36624B342458B25C00BF877A /* Products */;
			projectDirPath = "";
			projectRoot = "";
			targets = (
				36624B322458B25C00BF877A /* CaptaaMaster */,
				36624B4B2458B26400BF877A /* CaptaaMasterTests */,
				36624B562458B26400BF877A /* CaptaaMasterUITests */,
			);
		};
/* End PBXProject section */

/* Begin PBXResourcesBuildPhase section */
		36624B312458B25C00BF877A /* Resources */ = {
			isa = PBXResourcesBuildPhase;
			buildActionMask = 2147483647;
			files = (
				36624B462458B26400BF877A /* LaunchScreen.storyboard in Resources */,
				362DB918245E29380000F8CA /* AmaticSC-Bold.ttf in Resources */,
				362DB91A245E29430000F8CA /* AmaticSC-Regular.ttf in Resources */,
				365CD7A02458BDF100C2B627 /* GoogleService-Info.plist in Resources */,
				36624B432458B26400BF877A /* Assets.xcassets in Resources */,
				36624B3E2458B25C00BF877A /* Main.storyboard in Resources */,
			);
			runOnlyForDeploymentPostprocessing = 0;
		};
		36624B4A2458B26400BF877A /* Resources */ = {
			isa = PBXResourcesBuildPhase;
			buildActionMask = 2147483647;
			files = (
			);
			runOnlyForDeploymentPostprocessing = 0;
		};
		36624B552458B26400BF877A /* Resources */ = {
			isa = PBXResourcesBuildPhase;
			buildActionMask = 2147483647;
			files = (
			);
			runOnlyForDeploymentPostprocessing = 0;
		};
/* End PBXResourcesBuildPhase section */

/* Begin PBXShellScriptBuildPhase section */
		0661A2EB3F2478C990FDA208 /* [CP] Copy Pods Resources */ = {
			isa = PBXShellScriptBuildPhase;
			buildActionMask = 2147483647;
			files = (
			);
			inputFileListPaths = (
				"${PODS_ROOT}/Target Support Files/Pods-CaptaaMaster/Pods-CaptaaMaster-resources-${CONFIGURATION}-input-files.xcfilelist",
			);
			name = "[CP] Copy Pods Resources";
			outputFileListPaths = (
				"${PODS_ROOT}/Target Support Files/Pods-CaptaaMaster/Pods-CaptaaMaster-resources-${CONFIGURATION}-output-files.xcfilelist",
			);
			runOnlyForDeploymentPostprocessing = 0;
			shellPath = /bin/sh;
			shellScript = "\"${PODS_ROOT}/Target Support Files/Pods-CaptaaMaster/Pods-CaptaaMaster-resources.sh\"\n";
			showEnvVarsInLog = 0;
		};
		19120CC4B957CBD589607452 /* [CP] Check Pods Manifest.lock */ = {
			isa = PBXShellScriptBuildPhase;
			buildActionMask = 2147483647;
			files = (
			);
			inputFileListPaths = (
			);
			inputPaths = (
				"${PODS_PODFILE_DIR_PATH}/Podfile.lock",
				"${PODS_ROOT}/Manifest.lock",
			);
			name = "[CP] Check Pods Manifest.lock";
			outputFileListPaths = (
			);
			outputPaths = (
				"$(DERIVED_FILE_DIR)/Pods-CaptaaMasterTests-checkManifestLockResult.txt",
			);
			runOnlyForDeploymentPostprocessing = 0;
			shellPath = /bin/sh;
			shellScript = "diff \"${PODS_PODFILE_DIR_PATH}/Podfile.lock\" \"${PODS_ROOT}/Manifest.lock\" > /dev/null\nif [ $? != 0 ] ; then\n    # print error to STDERR\n    echo \"error: The sandbox is not in sync with the Podfile.lock. Run 'pod install' or update your CocoaPods installation.\" >&2\n    exit 1\nfi\n# This output is used by Xcode 'outputs' to avoid re-running this script phase.\necho \"SUCCESS\" > \"${SCRIPT_OUTPUT_FILE_0}\"\n";
			showEnvVarsInLog = 0;
		};
		348E27C09C85AB7EE6CB9F70 /* [CP] Check Pods Manifest.lock */ = {
			isa = PBXShellScriptBuildPhase;
			buildActionMask = 2147483647;
			files = (
			);
			inputFileListPaths = (
			);
			inputPaths = (
				"${PODS_PODFILE_DIR_PATH}/Podfile.lock",
				"${PODS_ROOT}/Manifest.lock",
			);
			name = "[CP] Check Pods Manifest.lock";
			outputFileListPaths = (
			);
			outputPaths = (
				"$(DERIVED_FILE_DIR)/Pods-CaptaaMaster-CaptaaMasterUITests-checkManifestLockResult.txt",
			);
			runOnlyForDeploymentPostprocessing = 0;
			shellPath = /bin/sh;
			shellScript = "diff \"${PODS_PODFILE_DIR_PATH}/Podfile.lock\" \"${PODS_ROOT}/Manifest.lock\" > /dev/null\nif [ $? != 0 ] ; then\n    # print error to STDERR\n    echo \"error: The sandbox is not in sync with the Podfile.lock. Run 'pod install' or update your CocoaPods installation.\" >&2\n    exit 1\nfi\n# This output is used by Xcode 'outputs' to avoid re-running this script phase.\necho \"SUCCESS\" > \"${SCRIPT_OUTPUT_FILE_0}\"\n";
			showEnvVarsInLog = 0;
		};
		71810201B0114F388E89DC9B /* [CP] Embed Pods Frameworks */ = {
			isa = PBXShellScriptBuildPhase;
			buildActionMask = 2147483647;
			files = (
			);
			inputFileListPaths = (
				"${PODS_ROOT}/Target Support Files/Pods-CaptaaMaster-CaptaaMasterUITests/Pods-CaptaaMaster-CaptaaMasterUITests-frameworks-${CONFIGURATION}-input-files.xcfilelist",
			);
			name = "[CP] Embed Pods Frameworks";
			outputFileListPaths = (
				"${PODS_ROOT}/Target Support Files/Pods-CaptaaMaster-CaptaaMasterUITests/Pods-CaptaaMaster-CaptaaMasterUITests-frameworks-${CONFIGURATION}-output-files.xcfilelist",
			);
			runOnlyForDeploymentPostprocessing = 0;
			shellPath = /bin/sh;
			shellScript = "\"${PODS_ROOT}/Target Support Files/Pods-CaptaaMaster-CaptaaMasterUITests/Pods-CaptaaMaster-CaptaaMasterUITests-frameworks.sh\"\n";
			showEnvVarsInLog = 0;
		};
		7B18A2F240281F430899C656 /* [CP] Check Pods Manifest.lock */ = {
			isa = PBXShellScriptBuildPhase;
			buildActionMask = 2147483647;
			files = (
			);
			inputFileListPaths = (
			);
			inputPaths = (
				"${PODS_PODFILE_DIR_PATH}/Podfile.lock",
				"${PODS_ROOT}/Manifest.lock",
			);
			name = "[CP] Check Pods Manifest.lock";
			outputFileListPaths = (
			);
			outputPaths = (
				"$(DERIVED_FILE_DIR)/Pods-CaptaaMaster-checkManifestLockResult.txt",
			);
			runOnlyForDeploymentPostprocessing = 0;
			shellPath = /bin/sh;
			shellScript = "diff \"${PODS_PODFILE_DIR_PATH}/Podfile.lock\" \"${PODS_ROOT}/Manifest.lock\" > /dev/null\nif [ $? != 0 ] ; then\n    # print error to STDERR\n    echo \"error: The sandbox is not in sync with the Podfile.lock. Run 'pod install' or update your CocoaPods installation.\" >&2\n    exit 1\nfi\n# This output is used by Xcode 'outputs' to avoid re-running this script phase.\necho \"SUCCESS\" > \"${SCRIPT_OUTPUT_FILE_0}\"\n";
			showEnvVarsInLog = 0;
		};
		7B4AD8E83153B10D530B3C06 /* [CP] Embed Pods Frameworks */ = {
			isa = PBXShellScriptBuildPhase;
			buildActionMask = 2147483647;
			files = (
			);
			inputFileListPaths = (
				"${PODS_ROOT}/Target Support Files/Pods-CaptaaMaster/Pods-CaptaaMaster-frameworks-${CONFIGURATION}-input-files.xcfilelist",
			);
			name = "[CP] Embed Pods Frameworks";
			outputFileListPaths = (
				"${PODS_ROOT}/Target Support Files/Pods-CaptaaMaster/Pods-CaptaaMaster-frameworks-${CONFIGURATION}-output-files.xcfilelist",
			);
			runOnlyForDeploymentPostprocessing = 0;
			shellPath = /bin/sh;
			shellScript = "\"${PODS_ROOT}/Target Support Files/Pods-CaptaaMaster/Pods-CaptaaMaster-frameworks.sh\"\n";
			showEnvVarsInLog = 0;
		};
		AC6D2493A4AC6A82A13F4B19 /* [CP] Copy Pods Resources */ = {
			isa = PBXShellScriptBuildPhase;
			buildActionMask = 2147483647;
			files = (
			);
			inputFileListPaths = (
				"${PODS_ROOT}/Target Support Files/Pods-CaptaaMaster-CaptaaMasterUITests/Pods-CaptaaMaster-CaptaaMasterUITests-resources-${CONFIGURATION}-input-files.xcfilelist",
			);
			name = "[CP] Copy Pods Resources";
			outputFileListPaths = (
				"${PODS_ROOT}/Target Support Files/Pods-CaptaaMaster-CaptaaMasterUITests/Pods-CaptaaMaster-CaptaaMasterUITests-resources-${CONFIGURATION}-output-files.xcfilelist",
			);
			runOnlyForDeploymentPostprocessing = 0;
			shellPath = /bin/sh;
			shellScript = "\"${PODS_ROOT}/Target Support Files/Pods-CaptaaMaster-CaptaaMasterUITests/Pods-CaptaaMaster-CaptaaMasterUITests-resources.sh\"\n";
			showEnvVarsInLog = 0;
		};
/* End PBXShellScriptBuildPhase section */

/* Begin PBXSourcesBuildPhase section */
		36624B2F2458B25C00BF877A /* Sources */ = {
			isa = PBXSourcesBuildPhase;
			buildActionMask = 2147483647;
			files = (
				36018E2A245D7F1900529D92 /* Caption.swift in Sources */,
				36F57DDC245CE1B90057F957 /* UserService.swift in Sources */,
				365CD7B5245A1CD100C2B627 /* PasswordController.swift in Sources */,
				362DB91C245F53B20000F8CA /* CaptionViewModel.swift in Sources */,
				36B9BE38245A59FD0037C10E /* Constants.swift in Sources */,
				36018E2E245DED7400529D92 /* SaveCaptionCell.swift in Sources */,
				365CD7A52458C3A700C2B627 /* RegistrationController.swift in Sources */,
				36018E24245D5AA300529D92 /* BaseViewController.swift in Sources */,
				36B9BE2A245A35670037C10E /* MainTabController.swift in Sources */,
				365CD7A92458CEAD00C2B627 /* AuthButton.swift in Sources */,
				362DB9202460C36A0000F8CA /* UserStoryFavoriteCell.swift in Sources */,
				3624D3BF245B40F600977C22 /* SuggestionsController.swift in Sources */,
				36B9BE2E245A3A010037C10E /* ExploreController.swift in Sources */,
				36B9BE30245A3A190037C10E /* ProfileController.swift in Sources */,
				36B9BE36245A599C0037C10E /* AuthService.swift in Sources */,
				365CD7AD2458CF1400C2B627 /* Utilities.swift in Sources */,
				365CD7B32459EF5F00C2B627 /* AuthentificationViewModel.swift in Sources */,
				36F57DDA245CDBAD0057F957 /* ResetPasswordController.swift in Sources */,
				36B9BE34245A3AE80037C10E /* ScheduleController.swift in Sources */,
				362DB92224610A150000F8CA /* CategoryCell.swift in Sources */,
				365CD79E2458BBE600C2B627 /* Extensions.swift in Sources */,
				36F57DE0245D0F3E0057F957 /* UploadCaptionController.swift in Sources */,
				362DB91E245FE61F0000F8CA /* ProfileHeader.swift in Sources */,
				3624D3BD245AC32900977C22 /* ProfilePictureController.swift in Sources */,
				365CD7A32458C37B00C2B627 /* LoginController.swift in Sources */,
				36018E28245D701D00529D92 /* CaptionService.swift in Sources */,
				365CD7AB2458CEE300C2B627 /* DividerView.swift in Sources */,
				36624B3B2458B25C00BF877A /* ViewController.swift in Sources */,
				365CD7A72458CE3600C2B627 /* CustomTextField.swift in Sources */,
				36624B372458B25C00BF877A /* AppDelegate.swift in Sources */,
				36F57DDE245D08550057F957 /* CustomImageView.swift in Sources */,
				36B9BE3C245A60DD0037C10E /* Service.swift in Sources */,
				36B9BE2C245A39E30037C10E /* FeedController.swift in Sources */,
				36624B392458B25C00BF877A /* SceneDelegate.swift in Sources */,
				362DB90F245DFDD70000F8CA /* CaptionCell.swift in Sources */,
				36B9BE32245A3A410037C10E /* CaptionGeneratorController.swift in Sources */,
				365CD7AF2459250200C2B627 /* SeperatorView.swift in Sources */,
				36624B412458B25C00BF877A /* CaptaaMaster.xcdatamodeld in Sources */,
				36018E26245D62E000529D92 /* CaptionTextView.swift in Sources */,
				36B9BE3A245A5BD60037C10E /* User.swift in Sources */,
			);
			runOnlyForDeploymentPostprocessing = 0;
		};
		36624B482458B26400BF877A /* Sources */ = {
			isa = PBXSourcesBuildPhase;
			buildActionMask = 2147483647;
			files = (
				36624B512458B26400BF877A /* CaptaaMasterTests.swift in Sources */,
			);
			runOnlyForDeploymentPostprocessing = 0;
		};
		36624B532458B26400BF877A /* Sources */ = {
			isa = PBXSourcesBuildPhase;
			buildActionMask = 2147483647;
			files = (
				36624B5C2458B26400BF877A /* CaptaaMasterUITests.swift in Sources */,
			);
			runOnlyForDeploymentPostprocessing = 0;
		};
/* End PBXSourcesBuildPhase section */

/* Begin PBXTargetDependency section */
		36624B4E2458B26400BF877A /* PBXTargetDependency */ = {
			isa = PBXTargetDependency;
			target = 36624B322458B25C00BF877A /* CaptaaMaster */;
			targetProxy = 36624B4D2458B26400BF877A /* PBXContainerItemProxy */;
		};
		36624B592458B26400BF877A /* PBXTargetDependency */ = {
			isa = PBXTargetDependency;
			target = 36624B322458B25C00BF877A /* CaptaaMaster */;
			targetProxy = 36624B582458B26400BF877A /* PBXContainerItemProxy */;
		};
/* End PBXTargetDependency section */

/* Begin PBXVariantGroup section */
		36624B3C2458B25C00BF877A /* Main.storyboard */ = {
			isa = PBXVariantGroup;
			children = (
				36624B3D2458B25C00BF877A /* Base */,
			);
			name = Main.storyboard;
			sourceTree = "<group>";
		};
		36624B442458B26400BF877A /* LaunchScreen.storyboard */ = {
			isa = PBXVariantGroup;
			children = (
				36624B452458B26400BF877A /* Base */,
			);
			name = LaunchScreen.storyboard;
			sourceTree = "<group>";
		};
/* End PBXVariantGroup section */

/* Begin XCBuildConfiguration section */
		36624B5E2458B26400BF877A /* Debug */ = {
			isa = XCBuildConfiguration;
			buildSettings = {
				ALWAYS_SEARCH_USER_PATHS = NO;
				CLANG_ANALYZER_NONNULL = YES;
				CLANG_ANALYZER_NUMBER_OBJECT_CONVERSION = YES_AGGRESSIVE;
				CLANG_CXX_LANGUAGE_STANDARD = "gnu++14";
				CLANG_CXX_LIBRARY = "libc++";
				CLANG_ENABLE_MODULES = YES;
				CLANG_ENABLE_OBJC_ARC = YES;
				CLANG_ENABLE_OBJC_WEAK = YES;
				CLANG_WARN_BLOCK_CAPTURE_AUTORELEASING = YES;
				CLANG_WARN_BOOL_CONVERSION = YES;
				CLANG_WARN_COMMA = YES;
				CLANG_WARN_CONSTANT_CONVERSION = YES;
				CLANG_WARN_DEPRECATED_OBJC_IMPLEMENTATIONS = YES;
				CLANG_WARN_DIRECT_OBJC_ISA_USAGE = YES_ERROR;
				CLANG_WARN_DOCUMENTATION_COMMENTS = YES;
				CLANG_WARN_EMPTY_BODY = YES;
				CLANG_WARN_ENUM_CONVERSION = YES;
				CLANG_WARN_INFINITE_RECURSION = YES;
				CLANG_WARN_INT_CONVERSION = YES;
				CLANG_WARN_NON_LITERAL_NULL_CONVERSION = YES;
				CLANG_WARN_OBJC_IMPLICIT_RETAIN_SELF = YES;
				CLANG_WARN_OBJC_LITERAL_CONVERSION = YES;
				CLANG_WARN_OBJC_ROOT_CLASS = YES_ERROR;
				CLANG_WARN_RANGE_LOOP_ANALYSIS = YES;
				CLANG_WARN_STRICT_PROTOTYPES = YES;
				CLANG_WARN_SUSPICIOUS_MOVE = YES;
				CLANG_WARN_UNGUARDED_AVAILABILITY = YES_AGGRESSIVE;
				CLANG_WARN_UNREACHABLE_CODE = YES;
				CLANG_WARN__DUPLICATE_METHOD_MATCH = YES;
				COPY_PHASE_STRIP = NO;
				DEBUG_INFORMATION_FORMAT = dwarf;
				ENABLE_STRICT_OBJC_MSGSEND = YES;
				ENABLE_TESTABILITY = YES;
				GCC_C_LANGUAGE_STANDARD = gnu11;
				GCC_DYNAMIC_NO_PIC = NO;
				GCC_NO_COMMON_BLOCKS = YES;
				GCC_OPTIMIZATION_LEVEL = 0;
				GCC_PREPROCESSOR_DEFINITIONS = (
					"DEBUG=1",
					"$(inherited)",
				);
				GCC_WARN_64_TO_32_BIT_CONVERSION = YES;
				GCC_WARN_ABOUT_RETURN_TYPE = YES_ERROR;
				GCC_WARN_UNDECLARED_SELECTOR = YES;
				GCC_WARN_UNINITIALIZED_AUTOS = YES_AGGRESSIVE;
				GCC_WARN_UNUSED_FUNCTION = YES;
				GCC_WARN_UNUSED_VARIABLE = YES;
				IPHONEOS_DEPLOYMENT_TARGET = 13.4;
				MTL_ENABLE_DEBUG_INFO = INCLUDE_SOURCE;
				MTL_FAST_MATH = YES;
				ONLY_ACTIVE_ARCH = YES;
				SDKROOT = iphoneos;
				SWIFT_ACTIVE_COMPILATION_CONDITIONS = DEBUG;
				SWIFT_OPTIMIZATION_LEVEL = "-Onone";
			};
			name = Debug;
		};
		36624B5F2458B26400BF877A /* Release */ = {
			isa = XCBuildConfiguration;
			buildSettings = {
				ALWAYS_SEARCH_USER_PATHS = NO;
				CLANG_ANALYZER_NONNULL = YES;
				CLANG_ANALYZER_NUMBER_OBJECT_CONVERSION = YES_AGGRESSIVE;
				CLANG_CXX_LANGUAGE_STANDARD = "gnu++14";
				CLANG_CXX_LIBRARY = "libc++";
				CLANG_ENABLE_MODULES = YES;
				CLANG_ENABLE_OBJC_ARC = YES;
				CLANG_ENABLE_OBJC_WEAK = YES;
				CLANG_WARN_BLOCK_CAPTURE_AUTORELEASING = YES;
				CLANG_WARN_BOOL_CONVERSION = YES;
				CLANG_WARN_COMMA = YES;
				CLANG_WARN_CONSTANT_CONVERSION = YES;
				CLANG_WARN_DEPRECATED_OBJC_IMPLEMENTATIONS = YES;
				CLANG_WARN_DIRECT_OBJC_ISA_USAGE = YES_ERROR;
				CLANG_WARN_DOCUMENTATION_COMMENTS = YES;
				CLANG_WARN_EMPTY_BODY = YES;
				CLANG_WARN_ENUM_CONVERSION = YES;
				CLANG_WARN_INFINITE_RECURSION = YES;
				CLANG_WARN_INT_CONVERSION = YES;
				CLANG_WARN_NON_LITERAL_NULL_CONVERSION = YES;
				CLANG_WARN_OBJC_IMPLICIT_RETAIN_SELF = YES;
				CLANG_WARN_OBJC_LITERAL_CONVERSION = YES;
				CLANG_WARN_OBJC_ROOT_CLASS = YES_ERROR;
				CLANG_WARN_RANGE_LOOP_ANALYSIS = YES;
				CLANG_WARN_STRICT_PROTOTYPES = YES;
				CLANG_WARN_SUSPICIOUS_MOVE = YES;
				CLANG_WARN_UNGUARDED_AVAILABILITY = YES_AGGRESSIVE;
				CLANG_WARN_UNREACHABLE_CODE = YES;
				CLANG_WARN__DUPLICATE_METHOD_MATCH = YES;
				COPY_PHASE_STRIP = NO;
				DEBUG_INFORMATION_FORMAT = "dwarf-with-dsym";
				ENABLE_NS_ASSERTIONS = NO;
				ENABLE_STRICT_OBJC_MSGSEND = YES;
				GCC_C_LANGUAGE_STANDARD = gnu11;
				GCC_NO_COMMON_BLOCKS = YES;
				GCC_WARN_64_TO_32_BIT_CONVERSION = YES;
				GCC_WARN_ABOUT_RETURN_TYPE = YES_ERROR;
				GCC_WARN_UNDECLARED_SELECTOR = YES;
				GCC_WARN_UNINITIALIZED_AUTOS = YES_AGGRESSIVE;
				GCC_WARN_UNUSED_FUNCTION = YES;
				GCC_WARN_UNUSED_VARIABLE = YES;
				IPHONEOS_DEPLOYMENT_TARGET = 13.4;
				MTL_ENABLE_DEBUG_INFO = NO;
				MTL_FAST_MATH = YES;
				SDKROOT = iphoneos;
				SWIFT_COMPILATION_MODE = wholemodule;
				SWIFT_OPTIMIZATION_LEVEL = "-O";
				VALIDATE_PRODUCT = YES;
			};
			name = Release;
		};
		36624B612458B26400BF877A /* Debug */ = {
			isa = XCBuildConfiguration;
			baseConfigurationReference = EF8695A2DFA824B456AE9FD6 /* Pods-CaptaaMaster.debug.xcconfig */;
			buildSettings = {
				ASSETCATALOG_COMPILER_APPICON_NAME = AppIcon;
				CODE_SIGN_STYLE = Automatic;
				DEVELOPMENT_TEAM = XQJD5F8BMM;
				INFOPLIST_FILE = CaptaaMaster/Info.plist;
				LD_RUNPATH_SEARCH_PATHS = (
					"$(inherited)",
					"@executable_path/Frameworks",
				);
				PRODUCT_BUNDLE_IDENTIFIER = Captagram1.CaptaaMaster;
				PRODUCT_NAME = "$(TARGET_NAME)";
				SWIFT_VERSION = 5.0;
				TARGETED_DEVICE_FAMILY = "1,2";
			};
			name = Debug;
		};
		36624B622458B26400BF877A /* Release */ = {
			isa = XCBuildConfiguration;
			baseConfigurationReference = 1D76B240AADB45BC6B053E40 /* Pods-CaptaaMaster.release.xcconfig */;
			buildSettings = {
				ASSETCATALOG_COMPILER_APPICON_NAME = AppIcon;
				CODE_SIGN_STYLE = Automatic;
				DEVELOPMENT_TEAM = XQJD5F8BMM;
				INFOPLIST_FILE = CaptaaMaster/Info.plist;
				LD_RUNPATH_SEARCH_PATHS = (
					"$(inherited)",
					"@executable_path/Frameworks",
				);
				PRODUCT_BUNDLE_IDENTIFIER = Captagram1.CaptaaMaster;
				PRODUCT_NAME = "$(TARGET_NAME)";
				SWIFT_VERSION = 5.0;
				TARGETED_DEVICE_FAMILY = "1,2";
			};
			name = Release;
		};
		36624B642458B26400BF877A /* Debug */ = {
			isa = XCBuildConfiguration;
			baseConfigurationReference = C52054CF53F734FD7F88C95B /* Pods-CaptaaMasterTests.debug.xcconfig */;
			buildSettings = {
				ALWAYS_EMBED_SWIFT_STANDARD_LIBRARIES = YES;
				BUNDLE_LOADER = "$(TEST_HOST)";
				CODE_SIGN_STYLE = Automatic;
				DEVELOPMENT_TEAM = XQJD5F8BMM;
				INFOPLIST_FILE = CaptaaMasterTests/Info.plist;
				IPHONEOS_DEPLOYMENT_TARGET = 13.4;
				LD_RUNPATH_SEARCH_PATHS = (
					"$(inherited)",
					"@executable_path/Frameworks",
					"@loader_path/Frameworks",
				);
				PRODUCT_BUNDLE_IDENTIFIER = Captagram1.CaptaaMasterTests;
				PRODUCT_NAME = "$(TARGET_NAME)";
				SWIFT_VERSION = 5.0;
				TARGETED_DEVICE_FAMILY = "1,2";
				TEST_HOST = "$(BUILT_PRODUCTS_DIR)/CaptaaMaster.app/CaptaaMaster";
			};
			name = Debug;
		};
		36624B652458B26400BF877A /* Release */ = {
			isa = XCBuildConfiguration;
			baseConfigurationReference = EA02A63EEC0DAE104DF45328 /* Pods-CaptaaMasterTests.release.xcconfig */;
			buildSettings = {
				ALWAYS_EMBED_SWIFT_STANDARD_LIBRARIES = YES;
				BUNDLE_LOADER = "$(TEST_HOST)";
				CODE_SIGN_STYLE = Automatic;
				DEVELOPMENT_TEAM = XQJD5F8BMM;
				INFOPLIST_FILE = CaptaaMasterTests/Info.plist;
				IPHONEOS_DEPLOYMENT_TARGET = 13.4;
				LD_RUNPATH_SEARCH_PATHS = (
					"$(inherited)",
					"@executable_path/Frameworks",
					"@loader_path/Frameworks",
				);
				PRODUCT_BUNDLE_IDENTIFIER = Captagram1.CaptaaMasterTests;
				PRODUCT_NAME = "$(TARGET_NAME)";
				SWIFT_VERSION = 5.0;
				TARGETED_DEVICE_FAMILY = "1,2";
				TEST_HOST = "$(BUILT_PRODUCTS_DIR)/CaptaaMaster.app/CaptaaMaster";
			};
			name = Release;
		};
		36624B672458B26400BF877A /* Debug */ = {
			isa = XCBuildConfiguration;
			baseConfigurationReference = 3ABEB0B1ECC2FCBE84C72D98 /* Pods-CaptaaMaster-CaptaaMasterUITests.debug.xcconfig */;
			buildSettings = {
				ALWAYS_EMBED_SWIFT_STANDARD_LIBRARIES = YES;
				CODE_SIGN_STYLE = Automatic;
				DEVELOPMENT_TEAM = XQJD5F8BMM;
				INFOPLIST_FILE = CaptaaMasterUITests/Info.plist;
				LD_RUNPATH_SEARCH_PATHS = (
					"$(inherited)",
					"@executable_path/Frameworks",
					"@loader_path/Frameworks",
				);
				PRODUCT_BUNDLE_IDENTIFIER = Captagram1.CaptaaMasterUITests;
				PRODUCT_NAME = "$(TARGET_NAME)";
				SWIFT_VERSION = 5.0;
				TARGETED_DEVICE_FAMILY = "1,2";
				TEST_TARGET_NAME = CaptaaMaster;
			};
			name = Debug;
		};
		36624B682458B26400BF877A /* Release */ = {
			isa = XCBuildConfiguration;
			baseConfigurationReference = 0737B89EF50D1156EE0B5B2B /* Pods-CaptaaMaster-CaptaaMasterUITests.release.xcconfig */;
			buildSettings = {
				ALWAYS_EMBED_SWIFT_STANDARD_LIBRARIES = YES;
				CODE_SIGN_STYLE = Automatic;
				DEVELOPMENT_TEAM = XQJD5F8BMM;
				INFOPLIST_FILE = CaptaaMasterUITests/Info.plist;
				LD_RUNPATH_SEARCH_PATHS = (
					"$(inherited)",
					"@executable_path/Frameworks",
					"@loader_path/Frameworks",
				);
				PRODUCT_BUNDLE_IDENTIFIER = Captagram1.CaptaaMasterUITests;
				PRODUCT_NAME = "$(TARGET_NAME)";
				SWIFT_VERSION = 5.0;
				TARGETED_DEVICE_FAMILY = "1,2";
				TEST_TARGET_NAME = CaptaaMaster;
			};
			name = Release;
		};
/* End XCBuildConfiguration section */

/* Begin XCConfigurationList section */
		36624B2E2458B25C00BF877A /* Build configuration list for PBXProject "CaptaaMaster" */ = {
			isa = XCConfigurationList;
			buildConfigurations = (
				36624B5E2458B26400BF877A /* Debug */,
				36624B5F2458B26400BF877A /* Release */,
			);
			defaultConfigurationIsVisible = 0;
			defaultConfigurationName = Release;
		};
		36624B602458B26400BF877A /* Build configuration list for PBXNativeTarget "CaptaaMaster" */ = {
			isa = XCConfigurationList;
			buildConfigurations = (
				36624B612458B26400BF877A /* Debug */,
				36624B622458B26400BF877A /* Release */,
			);
			defaultConfigurationIsVisible = 0;
			defaultConfigurationName = Release;
		};
		36624B632458B26400BF877A /* Build configuration list for PBXNativeTarget "CaptaaMasterTests" */ = {
			isa = XCConfigurationList;
			buildConfigurations = (
				36624B642458B26400BF877A /* Debug */,
				36624B652458B26400BF877A /* Release */,
			);
			defaultConfigurationIsVisible = 0;
			defaultConfigurationName = Release;
		};
		36624B662458B26400BF877A /* Build configuration list for PBXNativeTarget "CaptaaMasterUITests" */ = {
			isa = XCConfigurationList;
			buildConfigurations = (
				36624B672458B26400BF877A /* Debug */,
				36624B682458B26400BF877A /* Release */,
			);
			defaultConfigurationIsVisible = 0;
			defaultConfigurationName = Release;
		};
/* End XCConfigurationList section */

/* Begin XCVersionGroup section */
		36624B3F2458B25C00BF877A /* CaptaaMaster.xcdatamodeld */ = {
			isa = XCVersionGroup;
			children = (
				36624B402458B25C00BF877A /* CaptaaMaster.xcdatamodel */,
			);
			currentVersion = 36624B402458B25C00BF877A /* CaptaaMaster.xcdatamodel */;
			path = CaptaaMaster.xcdatamodeld;
			sourceTree = "<group>";
			versionGroupType = wrapper.xcdatamodel;
		};
/* End XCVersionGroup section */
	};
	rootObject = 36624B2B2458B25C00BF877A /* Project object */;
}
